
Microsoft Visual Studio Solution File, Format Version 12.00
# Visual Studio Version 16
VisualStudioVersion = 16.0.29306.81
MinimumVisualStudioVersion = 10.0.40219.1
Project("{FAE04EC0-301F-11D3-BF4B-00C04F79EFBC}") = "Negyedikhet", "Negyedikhet\Negyedikhet.csproj", "{B51A03EB-C86C-4323-8BA2-62BB929553D7}"
EndProject
Global
	GlobalSection(SolutionConfigurationPlatforms) = preSolution
		Debug|Any CPU = Debug|Any CPU
		Release|Any CPU = Release|Any CPU
	EndGlobalSection
	GlobalSection(ProjectConfigurationPlatforms) = postSolution
		{B51A03EB-C86C-4323-8BA2-62BB929553D7}.Debug|Any CPU.ActiveCfg = Debug|Any CPU
		{B51A03EB-C86C-4323-8BA2-62BB929553D7}.Debug|Any CPU.Build.0 = Debug|Any CPU
		{B51A03EB-C86C-4323-8BA2-62BB929553D7}.Release|Any CPU.ActiveCfg = Release|Any CPU
		{B51A03EB-C86C-4323-8BA2-62BB929553D7}.Release|Any CPU.Build.0 = Release|Any CPU
	EndGlobalSection
	GlobalSection(SolutionProperties) = preSolution
		HideSolutionNode = FALSE
	EndGlobalSection
	GlobalSection(ExtensibilityGlobals) = postSolution
		SolutionGuid = {0D6B2CE5-55E8-46D3-8C50-D7F5C651236C}
	EndGlobalSection
EndGlobal
