
Microsoft Visual Studio Solution File, Format Version 12.00
# Visual Studio Version 16
VisualStudioVersion = 16.0.29306.81
MinimumVisualStudioVersion = 10.0.40219.1
Project("{FAE04EC0-301F-11D3-BF4B-00C04F79EFBC}") = "NyolcadikGyak", "NyolcadikGyak\NyolcadikGyak.csproj", "{2B301290-76EA-40CC-AD02-8C4FCF854607}"
EndProject
Global
	GlobalSection(SolutionConfigurationPlatforms) = preSolution
		Debug|Any CPU = Debug|Any CPU
		Release|Any CPU = Release|Any CPU
	EndGlobalSection
	GlobalSection(ProjectConfigurationPlatforms) = postSolution
		{2B301290-76EA-40CC-AD02-8C4FCF854607}.Debug|Any CPU.ActiveCfg = Debug|Any CPU
		{2B301290-76EA-40CC-AD02-8C4FCF854607}.Debug|Any CPU.Build.0 = Debug|Any CPU
		{2B301290-76EA-40CC-AD02-8C4FCF854607}.Release|Any CPU.ActiveCfg = Release|Any CPU
		{2B301290-76EA-40CC-AD02-8C4FCF854607}.Release|Any CPU.Build.0 = Release|Any CPU
	EndGlobalSection
	GlobalSection(SolutionProperties) = preSolution
		HideSolutionNode = FALSE
	EndGlobalSection
	GlobalSection(ExtensibilityGlobals) = postSolution
		SolutionGuid = {F572C174-E4AE-41C4-90C3-67878EC84BA8}
	EndGlobalSection
EndGlobal
