
Microsoft Visual Studio Solution File, Format Version 12.00
# Visual Studio Version 16
VisualStudioVersion = 16.0.29306.81
MinimumVisualStudioVersion = 10.0.40219.1
Project("{FAE04EC0-301F-11D3-BF4B-00C04F79EFBC}") = "UserMaintenance", "UserMaintenance\UserMaintenance.csproj", "{3BD551B4-964A-4EF5-A15C-6B6E9D30768E}"
EndProject
Global
	GlobalSection(SolutionConfigurationPlatforms) = preSolution
		Debug|Any CPU = Debug|Any CPU
		Release|Any CPU = Release|Any CPU
	EndGlobalSection
	GlobalSection(ProjectConfigurationPlatforms) = postSolution
		{3BD551B4-964A-4EF5-A15C-6B6E9D30768E}.Debug|Any CPU.ActiveCfg = Debug|Any CPU
		{3BD551B4-964A-4EF5-A15C-6B6E9D30768E}.Debug|Any CPU.Build.0 = Debug|Any CPU
		{3BD551B4-964A-4EF5-A15C-6B6E9D30768E}.Release|Any CPU.ActiveCfg = Release|Any CPU
		{3BD551B4-964A-4EF5-A15C-6B6E9D30768E}.Release|Any CPU.Build.0 = Release|Any CPU
	EndGlobalSection
	GlobalSection(SolutionProperties) = preSolution
		HideSolutionNode = FALSE
	EndGlobalSection
	GlobalSection(ExtensibilityGlobals) = postSolution
		SolutionGuid = {24ABDF1A-8957-4BA9-ACDB-C28922087A43}
	EndGlobalSection
EndGlobal
